{
  "name": "better-sandbox-get-token",
  "version": "1.0.0",
  "lockfileVersion": 3,
  "requires": true,
  "packages": {
    "": {
      "name": "better-sandbox-get-token",
      "version": "1.0.0",
      "license": "CC0-1.0",
      "dependencies": {
        "better-sandbox-get-token": "^1.0.0"
      }
    },
    "node_modules/better-sandbox-get-token": {
      "version": "1.0.0",
      "resolved": "https://registry.npmjs.org/better-sandbox-get-token/-/better-sandbox-get-token-1.0.0.tgz",
      "integrity": "sha512-t1dBLw6KTewe0XgCsvW2Wwk+4OKE76eOgahviydezBAvrw2Y8kVVe9m/6H09TOcACkQlhBB2V+d8VLrit/vosw==",
      "license": "CC0-1.0"
    }
  }
}
